
Microsoft Visual Studio Solution File, Format Version 12.00
# Visual Studio Version 17
VisualStudioVersion = 17.8.34330.188
MinimumVisualStudioVersion = 10.0.40219.1
Project("{9A19103F-16F7-4668-BE54-9A1E7A4F7556}") = "RAFWEB2.API", "RAFWEB2.API\RAFWEB2.API.csproj", "{B7B6E44D-75A3-4BE2-8384-CAB4FB7618C6}"
EndProject
Project("{9A19103F-16F7-4668-BE54-9A1E7A4F7556}") = "RAFWEB2.Data", "RAFWEB2.Data\RAFWEB2.Data.csproj", "{C0DDBD42-ECF5-45DC-A7BA-1F3F3DE8C44D}"
EndProject
Project("{9A19103F-16F7-4668-BE54-9A1E7A4F7556}") = "RAFWEB2.Core", "RAFWEB2.Core\RAFWEB2.Core.csproj", "{83388BDE-832B-4267-AAEA-508FBFF906EB}"
EndProject
Project("{FAE04EC0-301F-11D3-BF4B-00C04F79EFBC}") = "RAFWEB2.Domain", "RAFWEB2.Domain\RAFWEB2.Domain.csproj", "{7C2CEC01-8797-480A-BC0B-F595EE3EF631}"
EndProject
Global
	GlobalSection(SolutionConfigurationPlatforms) = preSolution
		Debug|Any CPU = Debug|Any CPU
		Release|Any CPU = Release|Any CPU
	EndGlobalSection
	GlobalSection(ProjectConfigurationPlatforms) = postSolution
		{B7B6E44D-75A3-4BE2-8384-CAB4FB7618C6}.Debug|Any CPU.ActiveCfg = Debug|Any CPU
		{B7B6E44D-75A3-4BE2-8384-CAB4FB7618C6}.Debug|Any CPU.Build.0 = Debug|Any CPU
		{B7B6E44D-75A3-4BE2-8384-CAB4FB7618C6}.Release|Any CPU.ActiveCfg = Release|Any CPU
		{B7B6E44D-75A3-4BE2-8384-CAB4FB7618C6}.Release|Any CPU.Build.0 = Release|Any CPU
		{C0DDBD42-ECF5-45DC-A7BA-1F3F3DE8C44D}.Debug|Any CPU.ActiveCfg = Debug|Any CPU
		{C0DDBD42-ECF5-45DC-A7BA-1F3F3DE8C44D}.Debug|Any CPU.Build.0 = Debug|Any CPU
		{C0DDBD42-ECF5-45DC-A7BA-1F3F3DE8C44D}.Release|Any CPU.ActiveCfg = Release|Any CPU
		{C0DDBD42-ECF5-45DC-A7BA-1F3F3DE8C44D}.Release|Any CPU.Build.0 = Release|Any CPU
		{83388BDE-832B-4267-AAEA-508FBFF906EB}.Debug|Any CPU.ActiveCfg = Debug|Any CPU
		{83388BDE-832B-4267-AAEA-508FBFF906EB}.Debug|Any CPU.Build.0 = Debug|Any CPU
		{83388BDE-832B-4267-AAEA-508FBFF906EB}.Release|Any CPU.ActiveCfg = Release|Any CPU
		{83388BDE-832B-4267-AAEA-508FBFF906EB}.Release|Any CPU.Build.0 = Release|Any CPU
		{7C2CEC01-8797-480A-BC0B-F595EE3EF631}.Debug|Any CPU.ActiveCfg = Debug|Any CPU
		{7C2CEC01-8797-480A-BC0B-F595EE3EF631}.Debug|Any CPU.Build.0 = Debug|Any CPU
		{7C2CEC01-8797-480A-BC0B-F595EE3EF631}.Release|Any CPU.ActiveCfg = Release|Any CPU
		{7C2CEC01-8797-480A-BC0B-F595EE3EF631}.Release|Any CPU.Build.0 = Release|Any CPU
	EndGlobalSection
	GlobalSection(SolutionProperties) = preSolution
		HideSolutionNode = FALSE
	EndGlobalSection
	GlobalSection(ExtensibilityGlobals) = postSolution
		SolutionGuid = {8253E886-D3A2-4E2E-BA95-2FF72BF29639}
	EndGlobalSection
EndGlobal
